// !$*UTF8*$!
{
	archiveVersion = 1;
	classes = {
	};
	objectVersion = 56;
	objects = {

/* Begin PBXBuildFile section */
		1BF784B72B20A4C900F2C5EB /* RefreshTokenWithActorSampleApp.swift in Sources */ = {isa = PBXBuildFile; fileRef = 1BF784B62B20A4C900F2C5EB /* RefreshTokenWithActorSampleApp.swift */; };
		1BF784B92B20A4C900F2C5EB /* ContentView.swift in Sources */ = {isa = PBXBuildFile; fileRef = 1BF784B82B20A4C900F2C5EB /* ContentView.swift */; };
		1BF784BB2B20A4CB00F2C5EB /* Assets.xcassets in Resources */ = {isa = PBXBuildFile; fileRef = 1BF784BA2B20A4CB00F2C5EB /* Assets.xcassets */; };
		1BF784BE2B20A4CB00F2C5EB /* Preview Assets.xcassets in Resources */ = {isa = PBXBuildFile; fileRef = 1BF784BD2B20A4CB00F2C5EB /* Preview Assets.xcassets */; };
		1BF784C82B20A4CB00F2C5EB /* RefreshTokenWithActorSampleTests.swift in Sources */ = {isa = PBXBuildFile; fileRef = 1BF784C72B20A4CB00F2C5EB /* RefreshTokenWithActorSampleTests.swift */; };
		1BF784D22B20A4CB00F2C5EB /* RefreshTokenWithActorSampleUITests.swift in Sources */ = {isa = PBXBuildFile; fileRef = 1BF784D12B20A4CB00F2C5EB /* RefreshTokenWithActorSampleUITests.swift */; };
		1BF784D42B20A4CB00F2C5EB /* RefreshTokenWithActorSampleUITestsLaunchTests.swift in Sources */ = {isa = PBXBuildFile; fileRef = 1BF784D32B20A4CB00F2C5EB /* RefreshTokenWithActorSampleUITestsLaunchTests.swift */; };
		1BF784E12B20A52C00F2C5EB /* DOAuthProvider.swift in Sources */ = {isa = PBXBuildFile; fileRef = 1BF784E02B20A52C00F2C5EB /* DOAuthProvider.swift */; };
		1BF784E32B20A56700F2C5EB /* TokenProvider.swift in Sources */ = {isa = PBXBuildFile; fileRef = 1BF784E22B20A56700F2C5EB /* TokenProvider.swift */; };
		1BF784E62B20A5F700F2C5EB /* XCTestCase+AssertThrowsAsyncError.swift in Sources */ = {isa = PBXBuildFile; fileRef = 1BF784E52B20A5F700F2C5EB /* XCTestCase+AssertThrowsAsyncError.swift */; };
		1BF784E82B20A64D00F2C5EB /* SharedTestsHelpers.swift in Sources */ = {isa = PBXBuildFile; fileRef = 1BF784E72B20A64D00F2C5EB /* SharedTestsHelpers.swift */; };
		1BF784EA2B20A6D200F2C5EB /* AuthProvider.swift in Sources */ = {isa = PBXBuildFile; fileRef = 1BF784E92B20A6D200F2C5EB /* AuthProvider.swift */; };
/* End PBXBuildFile section */

/* Begin PBXContainerItemProxy section */
		1BF784C42B20A4CB00F2C5EB /* PBXContainerItemProxy */ = {
			isa = PBXContainerItemProxy;
			containerPortal = 1BF784AB2B20A4C900F2C5EB /* Project object */;
			proxyType = 1;
			remoteGlobalIDString = 1BF784B22B20A4C900F2C5EB;
			remoteInfo = RefreshTokenWithActorSample;
		};
		1BF784CE2B20A4CB00F2C5EB /* PBXContainerItemProxy */ = {
			isa = PBXContainerItemProxy;
			containerPortal = 1BF784AB2B20A4C900F2C5EB /* Project object */;
			proxyType = 1;
			remoteGlobalIDString = 1BF784B22B20A4C900F2C5EB;
			remoteInfo = RefreshTokenWithActorSample;
		};
/* End PBXContainerItemProxy section */

/* Begin PBXFileReference section */
		1BF784B32B20A4C900F2C5EB /* RefreshTokenWithActorSample.app */ = {isa = PBXFileReference; explicitFileType = wrapper.application; includeInIndex = 0; path = RefreshTokenWithActorSample.app; sourceTree = BUILT_PRODUCTS_DIR; };
		1BF784B62B20A4C900F2C5EB /* RefreshTokenWithActorSampleApp.swift */ = {isa = PBXFileReference; lastKnownFileType = sourcecode.swift; path = RefreshTokenWithActorSampleApp.swift; sourceTree = "<group>"; };
		1BF784B82B20A4C900F2C5EB /* ContentView.swift */ = {isa = PBXFileReference; lastKnownFileType = sourcecode.swift; path = ContentView.swift; sourceTree = "<group>"; };
		1BF784BA2B20A4CB00F2C5EB /* Assets.xcassets */ = {isa = PBXFileReference; lastKnownFileType = folder.assetcatalog; path = Assets.xcassets; sourceTree = "<group>"; };
		1BF784BD2B20A4CB00F2C5EB /* Preview Assets.xcassets */ = {isa = PBXFileReference; lastKnownFileType = folder.assetcatalog; path = "Preview Assets.xcassets"; sourceTree = "<group>"; };
		1BF784C32B20A4CB00F2C5EB /* RefreshTokenWithActorSampleTests.xctest */ = {isa = PBXFileReference; explicitFileType = wrapper.cfbundle; includeInIndex = 0; path = RefreshTokenWithActorSampleTests.xctest; sourceTree = BUILT_PRODUCTS_DIR; };
		1BF784C72B20A4CB00F2C5EB /* RefreshTokenWithActorSampleTests.swift */ = {isa = PBXFileReference; lastKnownFileType = sourcecode.swift; path = RefreshTokenWithActorSampleTests.swift; sourceTree = "<group>"; };
		1BF784CD2B20A4CB00F2C5EB /* RefreshTokenWithActorSampleUITests.xctest */ = {isa = PBXFileReference; explicitFileType = wrapper.cfbundle; includeInIndex = 0; path = RefreshTokenWithActorSampleUITests.xctest; sourceTree = BUILT_PRODUCTS_DIR; };
		1BF784D12B20A4CB00F2C5EB /* RefreshTokenWithActorSampleUITests.swift */ = {isa = PBXFileReference; lastKnownFileType = sourcecode.swift; path = RefreshTokenWithActorSampleUITests.swift; sourceTree = "<group>"; };
		1BF784D32B20A4CB00F2C5EB /* RefreshTokenWithActorSampleUITestsLaunchTests.swift */ = {isa = PBXFileReference; lastKnownFileType = sourcecode.swift; path = RefreshTokenWithActorSampleUITestsLaunchTests.swift; sourceTree = "<group>"; };
		1BF784E02B20A52C00F2C5EB /* DOAuthProvider.swift */ = {isa = PBXFileReference; lastKnownFileType = sourcecode.swift; path = DOAuthProvider.swift; sourceTree = "<group>"; };
		1BF784E22B20A56700F2C5EB /* TokenProvider.swift */ = {isa = PBXFileReference; lastKnownFileType = sourcecode.swift; path = TokenProvider.swift; sourceTree = "<group>"; };
		1BF784E52B20A5F700F2C5EB /* XCTestCase+AssertThrowsAsyncError.swift */ = {isa = PBXFileReference; lastKnownFileType = sourcecode.swift; path = "XCTestCase+AssertThrowsAsyncError.swift"; sourceTree = "<group>"; };
		1BF784E72B20A64D00F2C5EB /* SharedTestsHelpers.swift */ = {isa = PBXFileReference; lastKnownFileType = sourcecode.swift; path = SharedTestsHelpers.swift; sourceTree = "<group>"; };
		1BF784E92B20A6D200F2C5EB /* AuthProvider.swift */ = {isa = PBXFileReference; lastKnownFileType = sourcecode.swift; path = AuthProvider.swift; sourceTree = "<group>"; };
/* End PBXFileReference section */

/* Begin PBXFrameworksBuildPhase section */
		1BF784B02B20A4C900F2C5EB /* Frameworks */ = {
			isa = PBXFrameworksBuildPhase;
			buildActionMask = 2147483647;
			files = (
			);
			runOnlyForDeploymentPostprocessing = 0;
		};
		1BF784C02B20A4CB00F2C5EB /* Frameworks */ = {
			isa = PBXFrameworksBuildPhase;
			buildActionMask = 2147483647;
			files = (
			);
			runOnlyForDeploymentPostprocessing = 0;
		};
		1BF784CA2B20A4CB00F2C5EB /* Frameworks */ = {
			isa = PBXFrameworksBuildPhase;
			buildActionMask = 2147483647;
			files = (
			);
			runOnlyForDeploymentPostprocessing = 0;
		};
/* End PBXFrameworksBuildPhase section */

/* Begin PBXGroup section */
		1BF784AA2B20A4C900F2C5EB = {
			isa = PBXGroup;
			children = (
				1BF784B52B20A4C900F2C5EB /* RefreshTokenWithActorSample */,
				1BF784C62B20A4CB00F2C5EB /* RefreshTokenWithActorSampleTests */,
				1BF784D02B20A4CB00F2C5EB /* RefreshTokenWithActorSampleUITests */,
				1BF784B42B20A4C900F2C5EB /* Products */,
			);
			sourceTree = "<group>";
		};
		1BF784B42B20A4C900F2C5EB /* Products */ = {
			isa = PBXGroup;
			children = (
				1BF784B32B20A4C900F2C5EB /* RefreshTokenWithActorSample.app */,
				1BF784C32B20A4CB00F2C5EB /* RefreshTokenWithActorSampleTests.xctest */,
				1BF784CD2B20A4CB00F2C5EB /* RefreshTokenWithActorSampleUITests.xctest */,
			);
			name = Products;
			sourceTree = "<group>";
		};
		1BF784B52B20A4C900F2C5EB /* RefreshTokenWithActorSample */ = {
			isa = PBXGroup;
			children = (
				1BF784B62B20A4C900F2C5EB /* RefreshTokenWithActorSampleApp.swift */,
				1BF784B82B20A4C900F2C5EB /* ContentView.swift */,
				1BF784BA2B20A4CB00F2C5EB /* Assets.xcassets */,
				1BF784BC2B20A4CB00F2C5EB /* Preview Content */,
				1BF784E02B20A52C00F2C5EB /* DOAuthProvider.swift */,
				1BF784E22B20A56700F2C5EB /* TokenProvider.swift */,
				1BF784E92B20A6D200F2C5EB /* AuthProvider.swift */,
			);
			path = RefreshTokenWithActorSample;
			sourceTree = "<group>";
		};
		1BF784BC2B20A4CB00F2C5EB /* Preview Content */ = {
			isa = PBXGroup;
			children = (
				1BF784BD2B20A4CB00F2C5EB /* Preview Assets.xcassets */,
			);
			path = "Preview Content";
			sourceTree = "<group>";
		};
		1BF784C62B20A4CB00F2C5EB /* RefreshTokenWithActorSampleTests */ = {
			isa = PBXGroup;
			children = (
				1BF784E42B20A5EA00F2C5EB /* Helpers */,
				1BF784C72B20A4CB00F2C5EB /* RefreshTokenWithActorSampleTests.swift */,
			);
			path = RefreshTokenWithActorSampleTests;
			sourceTree = "<group>";
		};
		1BF784D02B20A4CB00F2C5EB /* RefreshTokenWithActorSampleUITests */ = {
			isa = PBXGroup;
			children = (
				1BF784D12B20A4CB00F2C5EB /* RefreshTokenWithActorSampleUITests.swift */,
				1BF784D32B20A4CB00F2C5EB /* RefreshTokenWithActorSampleUITestsLaunchTests.swift */,
			);
			path = RefreshTokenWithActorSampleUITests;
			sourceTree = "<group>";
		};
		1BF784E42B20A5EA00F2C5EB /* Helpers */ = {
			isa = PBXGroup;
			children = (
				1BF784E52B20A5F700F2C5EB /* XCTestCase+AssertThrowsAsyncError.swift */,
				1BF784E72B20A64D00F2C5EB /* SharedTestsHelpers.swift */,
			);
			path = Helpers;
			sourceTree = "<group>";
		};
/* End PBXGroup section */

/* Begin PBXNativeTarget section */
		1BF784B22B20A4C900F2C5EB /* RefreshTokenWithActorSample */ = {
			isa = PBXNativeTarget;
			buildConfigurationList = 1BF784D72B20A4CB00F2C5EB /* Build configuration list for PBXNativeTarget "RefreshTokenWithActorSample" */;
			buildPhases = (
				1BF784AF2B20A4C900F2C5EB /* Sources */,
				1BF784B02B20A4C900F2C5EB /* Frameworks */,
				1BF784B12B20A4C900F2C5EB /* Resources */,
			);
			buildRules = (
			);
			dependencies = (
			);
			name = RefreshTokenWithActorSample;
			productName = RefreshTokenWithActorSample;
			productReference = 1BF784B32B20A4C900F2C5EB /* RefreshTokenWithActorSample.app */;
			productType = "com.apple.product-type.application";
		};
		1BF784C22B20A4CB00F2C5EB /* RefreshTokenWithActorSampleTests */ = {
			isa = PBXNativeTarget;
			buildConfigurationList = 1BF784DA2B20A4CB00F2C5EB /* Build configuration list for PBXNativeTarget "RefreshTokenWithActorSampleTests" */;
			buildPhases = (
				1BF784BF2B20A4CB00F2C5EB /* Sources */,
				1BF784C02B20A4CB00F2C5EB /* Frameworks */,
				1BF784C12B20A4CB00F2C5EB /* Resources */,
			);
			buildRules = (
			);
			dependencies = (
				1BF784C52B20A4CB00F2C5EB /* PBXTargetDependency */,
			);
			name = RefreshTokenWithActorSampleTests;
			productName = RefreshTokenWithActorSampleTests;
			productReference = 1BF784C32B20A4CB00F2C5EB /* RefreshTokenWithActorSampleTests.xctest */;
			productType = "com.apple.product-type.bundle.unit-test";
		};
		1BF784CC2B20A4CB00F2C5EB /* RefreshTokenWithActorSampleUITests */ = {
			isa = PBXNativeTarget;
			buildConfigurationList = 1BF784DD2B20A4CB00F2C5EB /* Build configuration list for PBXNativeTarget "RefreshTokenWithActorSampleUITests" */;
			buildPhases = (
				1BF784C92B20A4CB00F2C5EB /* Sources */,
				1BF784CA2B20A4CB00F2C5EB /* Frameworks */,
				1BF784CB2B20A4CB00F2C5EB /* Resources */,
			);
			buildRules = (
			);
			dependencies = (
				1BF784CF2B20A4CB00F2C5EB /* PBXTargetDependency */,
			);
			name = RefreshTokenWithActorSampleUITests;
			productName = RefreshTokenWithActorSampleUITests;
			productReference = 1BF784CD2B20A4CB00F2C5EB /* RefreshTokenWithActorSampleUITests.xctest */;
			productType = "com.apple.product-type.bundle.ui-testing";
		};
/* End PBXNativeTarget section */

/* Begin PBXProject section */
		1BF784AB2B20A4C900F2C5EB /* Project object */ = {
			isa = PBXProject;
			attributes = {
				BuildIndependentTargetsInParallel = 1;
				LastSwiftUpdateCheck = 1500;
				LastUpgradeCheck = 1500;
				TargetAttributes = {
					1BF784B22B20A4C900F2C5EB = {
						CreatedOnToolsVersion = 15.0;
					};
					1BF784C22B20A4CB00F2C5EB = {
						CreatedOnToolsVersion = 15.0;
						TestTargetID = 1BF784B22B20A4C900F2C5EB;
					};
					1BF784CC2B20A4CB00F2C5EB = {
						CreatedOnToolsVersion = 15.0;
						TestTargetID = 1BF784B22B20A4C900F2C5EB;
					};
				};
			};
			buildConfigurationList = 1BF784AE2B20A4C900F2C5EB /* Build configuration list for PBXProject "RefreshTokenWithActorSample" */;
			compatibilityVersion = "Xcode 14.0";
			developmentRegion = en;
			hasScannedForEncodings = 0;
			knownRegions = (
				en,
				Base,
			);
			mainGroup = 1BF784AA2B20A4C900F2C5EB;
			productRefGroup = 1BF784B42B20A4C900F2C5EB /* Products */;
			projectDirPath = "";
			projectRoot = "";
			targets = (
				1BF784B22B20A4C900F2C5EB /* RefreshTokenWithActorSample */,
				1BF784C22B20A4CB00F2C5EB /* RefreshTokenWithActorSampleTests */,
				1BF784CC2B20A4CB00F2C5EB /* RefreshTokenWithActorSampleUITests */,
			);
		};
/* End PBXProject section */

/* Begin PBXResourcesBuildPhase section */
		1BF784B12B20A4C900F2C5EB /* Resources */ = {
			isa = PBXResourcesBuildPhase;
			buildActionMask = 2147483647;
			files = (
				1BF784BE2B20A4CB00F2C5EB /* Preview Assets.xcassets in Resources */,
				1BF784BB2B20A4CB00F2C5EB /* Assets.xcassets in Resources */,
			);
			runOnlyForDeploymentPostprocessing = 0;
		};
		1BF784C12B20A4CB00F2C5EB /* Resources */ = {
			isa = PBXResourcesBuildPhase;
			buildActionMask = 2147483647;
			files = (
			);
			runOnlyForDeploymentPostprocessing = 0;
		};
		1BF784CB2B20A4CB00F2C5EB /* Resources */ = {
			isa = PBXResourcesBuildPhase;
			buildActionMask = 2147483647;
			files = (
			);
			runOnlyForDeploymentPostprocessing = 0;
		};
/* End PBXResourcesBuildPhase section */

/* Begin PBXSourcesBuildPhase section */
		1BF784AF2B20A4C900F2C5EB /* Sources */ = {
			isa = PBXSourcesBuildPhase;
			buildActionMask = 2147483647;
			files = (
				1BF784B92B20A4C900F2C5EB /* ContentView.swift in Sources */,
				1BF784E12B20A52C00F2C5EB /* DOAuthProvider.swift in Sources */,
				1BF784EA2B20A6D200F2C5EB /* AuthProvider.swift in Sources */,
				1BF784E32B20A56700F2C5EB /* TokenProvider.swift in Sources */,
				1BF784B72B20A4C900F2C5EB /* RefreshTokenWithActorSampleApp.swift in Sources */,
			);
			runOnlyForDeploymentPostprocessing = 0;
		};
		1BF784BF2B20A4CB00F2C5EB /* Sources */ = {
			isa = PBXSourcesBuildPhase;
			buildActionMask = 2147483647;
			files = (
				1BF784E82B20A64D00F2C5EB /* SharedTestsHelpers.swift in Sources */,
				1BF784C82B20A4CB00F2C5EB /* RefreshTokenWithActorSampleTests.swift in Sources */,
				1BF784E62B20A5F700F2C5EB /* XCTestCase+AssertThrowsAsyncError.swift in Sources */,
			);
			runOnlyForDeploymentPostprocessing = 0;
		};
		1BF784C92B20A4CB00F2C5EB /* Sources */ = {
			isa = PBXSourcesBuildPhase;
			buildActionMask = 2147483647;
			files = (
				1BF784D42B20A4CB00F2C5EB /* RefreshTokenWithActorSampleUITestsLaunchTests.swift in Sources */,
				1BF784D22B20A4CB00F2C5EB /* RefreshTokenWithActorSampleUITests.swift in Sources */,
			);
			runOnlyForDeploymentPostprocessing = 0;
		};
/* End PBXSourcesBuildPhase section */

/* Begin PBXTargetDependency section */
		1BF784C52B20A4CB00F2C5EB /* PBXTargetDependency */ = {
			isa = PBXTargetDependency;
			target = 1BF784B22B20A4C900F2C5EB /* RefreshTokenWithActorSample */;
			targetProxy = 1BF784C42B20A4CB00F2C5EB /* PBXContainerItemProxy */;
		};
		1BF784CF2B20A4CB00F2C5EB /* PBXTargetDependency */ = {
			isa = PBXTargetDependency;
			target = 1BF784B22B20A4C900F2C5EB /* RefreshTokenWithActorSample */;
			targetProxy = 1BF784CE2B20A4CB00F2C5EB /* PBXContainerItemProxy */;
		};
/* End PBXTargetDependency section */

/* Begin XCBuildConfiguration section */
		1BF784D52B20A4CB00F2C5EB /* Debug */ = {
			isa = XCBuildConfiguration;
			buildSettings = {
				ALWAYS_SEARCH_USER_PATHS = NO;
				ASSETCATALOG_COMPILER_GENERATE_SWIFT_ASSET_SYMBOL_EXTENSIONS = YES;
				CLANG_ANALYZER_NONNULL = YES;
				CLANG_ANALYZER_NUMBER_OBJECT_CONVERSION = YES_AGGRESSIVE;
				CLANG_CXX_LANGUAGE_STANDARD = "gnu++20";
				CLANG_ENABLE_MODULES = YES;
				CLANG_ENABLE_OBJC_ARC = YES;
				CLANG_ENABLE_OBJC_WEAK = YES;
				CLANG_WARN_BLOCK_CAPTURE_AUTORELEASING = YES;
				CLANG_WARN_BOOL_CONVERSION = YES;
				CLANG_WARN_COMMA = YES;
				CLANG_WARN_CONSTANT_CONVERSION = YES;
				CLANG_WARN_DEPRECATED_OBJC_IMPLEMENTATIONS = YES;
				CLANG_WARN_DIRECT_OBJC_ISA_USAGE = YES_ERROR;
				CLANG_WARN_DOCUMENTATION_COMMENTS = YES;
				CLANG_WARN_EMPTY_BODY = YES;
				CLANG_WARN_ENUM_CONVERSION = YES;
				CLANG_WARN_INFINITE_RECURSION = YES;
				CLANG_WARN_INT_CONVERSION = YES;
				CLANG_WARN_NON_LITERAL_NULL_CONVERSION = YES;
				CLANG_WARN_OBJC_IMPLICIT_RETAIN_SELF = YES;
				CLANG_WARN_OBJC_LITERAL_CONVERSION = YES;
				CLANG_WARN_OBJC_ROOT_CLASS = YES_ERROR;
				CLANG_WARN_QUOTED_INCLUDE_IN_FRAMEWORK_HEADER = YES;
				CLANG_WARN_RANGE_LOOP_ANALYSIS = YES;
				CLANG_WARN_STRICT_PROTOTYPES = YES;
				CLANG_WARN_SUSPICIOUS_MOVE = YES;
				CLANG_WARN_UNGUARDED_AVAILABILITY = YES_AGGRESSIVE;
				CLANG_WARN_UNREACHABLE_CODE = YES;
				CLANG_WARN__DUPLICATE_METHOD_MATCH = YES;
				COPY_PHASE_STRIP = NO;
				DEBUG_INFORMATION_FORMAT = dwarf;
				ENABLE_STRICT_OBJC_MSGSEND = YES;
				ENABLE_TESTABILITY = YES;
				ENABLE_USER_SCRIPT_SANDBOXING = YES;
				GCC_C_LANGUAGE_STANDARD = gnu17;
				GCC_DYNAMIC_NO_PIC = NO;
				GCC_NO_COMMON_BLOCKS = YES;
				GCC_OPTIMIZATION_LEVEL = 0;
				GCC_PREPROCESSOR_DEFINITIONS = (
					"DEBUG=1",
					"$(inherited)",
				);
				GCC_WARN_64_TO_32_BIT_CONVERSION = YES;
				GCC_WARN_ABOUT_RETURN_TYPE = YES_ERROR;
				GCC_WARN_UNDECLARED_SELECTOR = YES;
				GCC_WARN_UNINITIALIZED_AUTOS = YES_AGGRESSIVE;
				GCC_WARN_UNUSED_FUNCTION = YES;
				GCC_WARN_UNUSED_VARIABLE = YES;
				IPHONEOS_DEPLOYMENT_TARGET = 17.0;
				LOCALIZATION_PREFERS_STRING_CATALOGS = YES;
				MTL_ENABLE_DEBUG_INFO = INCLUDE_SOURCE;
				MTL_FAST_MATH = YES;
				ONLY_ACTIVE_ARCH = YES;
				SDKROOT = iphoneos;
				SWIFT_ACTIVE_COMPILATION_CONDITIONS = "DEBUG $(inherited)";
				SWIFT_OPTIMIZATION_LEVEL = "-Onone";
			};
			name = Debug;
		};
		1BF784D62B20A4CB00F2C5EB /* Release */ = {
			isa = XCBuildConfiguration;
			buildSettings = {
				ALWAYS_SEARCH_USER_PATHS = NO;
				ASSETCATALOG_COMPILER_GENERATE_SWIFT_ASSET_SYMBOL_EXTENSIONS = YES;
				CLANG_ANALYZER_NONNULL = YES;
				CLANG_ANALYZER_NUMBER_OBJECT_CONVERSION = YES_AGGRESSIVE;
				CLANG_CXX_LANGUAGE_STANDARD = "gnu++20";
				CLANG_ENABLE_MODULES = YES;
				CLANG_ENABLE_OBJC_ARC = YES;
				CLANG_ENABLE_OBJC_WEAK = YES;
				CLANG_WARN_BLOCK_CAPTURE_AUTORELEASING = YES;
				CLANG_WARN_BOOL_CONVERSION = YES;
				CLANG_WARN_COMMA = YES;
				CLANG_WARN_CONSTANT_CONVERSION = YES;
				CLANG_WARN_DEPRECATED_OBJC_IMPLEMENTATIONS = YES;
				CLANG_WARN_DIRECT_OBJC_ISA_USAGE = YES_ERROR;
				CLANG_WARN_DOCUMENTATION_COMMENTS = YES;
				CLANG_WARN_EMPTY_BODY = YES;
				CLANG_WARN_ENUM_CONVERSION = YES;
				CLANG_WARN_INFINITE_RECURSION = YES;
				CLANG_WARN_INT_CONVERSION = YES;
				CLANG_WARN_NON_LITERAL_NULL_CONVERSION = YES;
				CLANG_WARN_OBJC_IMPLICIT_RETAIN_SELF = YES;
				CLANG_WARN_OBJC_LITERAL_CONVERSION = YES;
				CLANG_WARN_OBJC_ROOT_CLASS = YES_ERROR;
				CLANG_WARN_QUOTED_INCLUDE_IN_FRAMEWORK_HEADER = YES;
				CLANG_WARN_RANGE_LOOP_ANALYSIS = YES;
				CLANG_WARN_STRICT_PROTOTYPES = YES;
				CLANG_WARN_SUSPICIOUS_MOVE = YES;
				CLANG_WARN_UNGUARDED_AVAILABILITY = YES_AGGRESSIVE;
				CLANG_WARN_UNREACHABLE_CODE = YES;
				CLANG_WARN__DUPLICATE_METHOD_MATCH = YES;
				COPY_PHASE_STRIP = NO;
				DEBUG_INFORMATION_FORMAT = "dwarf-with-dsym";
				ENABLE_NS_ASSERTIONS = NO;
				ENABLE_STRICT_OBJC_MSGSEND = YES;
				ENABLE_USER_SCRIPT_SANDBOXING = YES;
				GCC_C_LANGUAGE_STANDARD = gnu17;
				GCC_NO_COMMON_BLOCKS = YES;
				GCC_WARN_64_TO_32_BIT_CONVERSION = YES;
				GCC_WARN_ABOUT_RETURN_TYPE = YES_ERROR;
				GCC_WARN_UNDECLARED_SELECTOR = YES;
				GCC_WARN_UNINITIALIZED_AUTOS = YES_AGGRESSIVE;
				GCC_WARN_UNUSED_FUNCTION = YES;
				GCC_WARN_UNUSED_VARIABLE = YES;
				IPHONEOS_DEPLOYMENT_TARGET = 17.0;
				LOCALIZATION_PREFERS_STRING_CATALOGS = YES;
				MTL_ENABLE_DEBUG_INFO = NO;
				MTL_FAST_MATH = YES;
				SDKROOT = iphoneos;
				SWIFT_COMPILATION_MODE = wholemodule;
				VALIDATE_PRODUCT = YES;
			};
			name = Release;
		};
		1BF784D82B20A4CB00F2C5EB /* Debug */ = {
			isa = XCBuildConfiguration;
			buildSettings = {
				ASSETCATALOG_COMPILER_APPICON_NAME = AppIcon;
				ASSETCATALOG_COMPILER_GLOBAL_ACCENT_COLOR_NAME = AccentColor;
				CODE_SIGN_STYLE = Automatic;
				CURRENT_PROJECT_VERSION = 1;
				DEVELOPMENT_ASSET_PATHS = "\"RefreshTokenWithActorSample/Preview Content\"";
				DEVELOPMENT_TEAM = JTPZBMTVQ3;
				ENABLE_PREVIEWS = YES;
				GENERATE_INFOPLIST_FILE = YES;
				INFOPLIST_KEY_UIApplicationSceneManifest_Generation = YES;
				INFOPLIST_KEY_UIApplicationSupportsIndirectInputEvents = YES;
				INFOPLIST_KEY_UILaunchScreen_Generation = YES;
				INFOPLIST_KEY_UISupportedInterfaceOrientations_iPad = "UIInterfaceOrientationPortrait UIInterfaceOrientationPortraitUpsideDown UIInterfaceOrientationLandscapeLeft UIInterfaceOrientationLandscapeRight";
				INFOPLIST_KEY_UISupportedInterfaceOrientations_iPhone = "UIInterfaceOrientationPortrait UIInterfaceOrientationLandscapeLeft UIInterfaceOrientationLandscapeRight";
				LD_RUNPATH_SEARCH_PATHS = (
					"$(inherited)",
					"@executable_path/Frameworks",
				);
				MARKETING_VERSION = 1.0;
				PRODUCT_BUNDLE_IDENTIFIER = com.jured.RefreshTokenWithActorSample;
				PRODUCT_NAME = "$(TARGET_NAME)";
				SWIFT_EMIT_LOC_STRINGS = YES;
				SWIFT_VERSION = 5.0;
				TARGETED_DEVICE_FAMILY = "1,2";
			};
			name = Debug;
		};
		1BF784D92B20A4CB00F2C5EB /* Release */ = {
			isa = XCBuildConfiguration;
			buildSettings = {
				ASSETCATALOG_COMPILER_APPICON_NAME = AppIcon;
				ASSETCATALOG_COMPILER_GLOBAL_ACCENT_COLOR_NAME = AccentColor;
				CODE_SIGN_STYLE = Automatic;
				CURRENT_PROJECT_VERSION = 1;
				DEVELOPMENT_ASSET_PATHS = "\"RefreshTokenWithActorSample/Preview Content\"";
				DEVELOPMENT_TEAM = JTPZBMTVQ3;
				ENABLE_PREVIEWS = YES;
				GENERATE_INFOPLIST_FILE = YES;
				INFOPLIST_KEY_UIApplicationSceneManifest_Generation = YES;
				INFOPLIST_KEY_UIApplicationSupportsIndirectInputEvents = YES;
				INFOPLIST_KEY_UILaunchScreen_Generation = YES;
				INFOPLIST_KEY_UISupportedInterfaceOrientations_iPad = "UIInterfaceOrientationPortrait UIInterfaceOrientationPortraitUpsideDown UIInterfaceOrientationLandscapeLeft UIInterfaceOrientationLandscapeRight";
				INFOPLIST_KEY_UISupportedInterfaceOrientations_iPhone = "UIInterfaceOrientationPortrait UIInterfaceOrientationLandscapeLeft UIInterfaceOrientationLandscapeRight";
				LD_RUNPATH_SEARCH_PATHS = (
					"$(inherited)",
					"@executable_path/Frameworks",
				);
				MARKETING_VERSION = 1.0;
				PRODUCT_BUNDLE_IDENTIFIER = com.jured.RefreshTokenWithActorSample;
				PRODUCT_NAME = "$(TARGET_NAME)";
				SWIFT_EMIT_LOC_STRINGS = YES;
				SWIFT_VERSION = 5.0;
				TARGETED_DEVICE_FAMILY = "1,2";
			};
			name = Release;
		};
		1BF784DB2B20A4CB00F2C5EB /* Debug */ = {
			isa = XCBuildConfiguration;
			buildSettings = {
				ALWAYS_EMBED_SWIFT_STANDARD_LIBRARIES = YES;
				BUNDLE_LOADER = "$(TEST_HOST)";
				CODE_SIGN_STYLE = Automatic;
				CURRENT_PROJECT_VERSION = 1;
				DEVELOPMENT_TEAM = JTPZBMTVQ3;
				GENERATE_INFOPLIST_FILE = YES;
				IPHONEOS_DEPLOYMENT_TARGET = 17.0;
				MARKETING_VERSION = 1.0;
				PRODUCT_BUNDLE_IDENTIFIER = com.jured.RefreshTokenWithActorSampleTests;
				PRODUCT_NAME = "$(TARGET_NAME)";
				SWIFT_EMIT_LOC_STRINGS = NO;
				SWIFT_VERSION = 5.0;
				TARGETED_DEVICE_FAMILY = "1,2";
				TEST_HOST = "$(BUILT_PRODUCTS_DIR)/RefreshTokenWithActorSample.app/$(BUNDLE_EXECUTABLE_FOLDER_PATH)/RefreshTokenWithActorSample";
			};
			name = Debug;
		};
		1BF784DC2B20A4CB00F2C5EB /* Release */ = {
			isa = XCBuildConfiguration;
			buildSettings = {
				ALWAYS_EMBED_SWIFT_STANDARD_LIBRARIES = YES;
				BUNDLE_LOADER = "$(TEST_HOST)";
				CODE_SIGN_STYLE = Automatic;
				CURRENT_PROJECT_VERSION = 1;
				DEVELOPMENT_TEAM = JTPZBMTVQ3;
				GENERATE_INFOPLIST_FILE = YES;
				IPHONEOS_DEPLOYMENT_TARGET = 17.0;
				MARKETING_VERSION = 1.0;
				PRODUCT_BUNDLE_IDENTIFIER = com.jured.RefreshTokenWithActorSampleTests;
				PRODUCT_NAME = "$(TARGET_NAME)";
				SWIFT_EMIT_LOC_STRINGS = NO;
				SWIFT_VERSION = 5.0;
				TARGETED_DEVICE_FAMILY = "1,2";
				TEST_HOST = "$(BUILT_PRODUCTS_DIR)/RefreshTokenWithActorSample.app/$(BUNDLE_EXECUTABLE_FOLDER_PATH)/RefreshTokenWithActorSample";
			};
			name = Release;
		};
		1BF784DE2B20A4CB00F2C5EB /* Debug */ = {
			isa = XCBuildConfiguration;
			buildSettings = {
				ALWAYS_EMBED_SWIFT_STANDARD_LIBRARIES = YES;
				CODE_SIGN_STYLE = Automatic;
				CURRENT_PROJECT_VERSION = 1;
				DEVELOPMENT_TEAM = JTPZBMTVQ3;
				GENERATE_INFOPLIST_FILE = YES;
				MARKETING_VERSION = 1.0;
				PRODUCT_BUNDLE_IDENTIFIER = com.jured.RefreshTokenWithActorSampleUITests;
				PRODUCT_NAME = "$(TARGET_NAME)";
				SWIFT_EMIT_LOC_STRINGS = NO;
				SWIFT_VERSION = 5.0;
				TARGETED_DEVICE_FAMILY = "1,2";
				TEST_TARGET_NAME = RefreshTokenWithActorSample;
			};
			name = Debug;
		};
		1BF784DF2B20A4CB00F2C5EB /* Release */ = {
			isa = XCBuildConfiguration;
			buildSettings = {
				ALWAYS_EMBED_SWIFT_STANDARD_LIBRARIES = YES;
				CODE_SIGN_STYLE = Automatic;
				CURRENT_PROJECT_VERSION = 1;
				DEVELOPMENT_TEAM = JTPZBMTVQ3;
				GENERATE_INFOPLIST_FILE = YES;
				MARKETING_VERSION = 1.0;
				PRODUCT_BUNDLE_IDENTIFIER = com.jured.RefreshTokenWithActorSampleUITests;
				PRODUCT_NAME = "$(TARGET_NAME)";
				SWIFT_EMIT_LOC_STRINGS = NO;
				SWIFT_VERSION = 5.0;
				TARGETED_DEVICE_FAMILY = "1,2";
				TEST_TARGET_NAME = RefreshTokenWithActorSample;
			};
			name = Release;
		};
/* End XCBuildConfiguration section */

/* Begin XCConfigurationList section */
		1BF784AE2B20A4C900F2C5EB /* Build configuration list for PBXProject "RefreshTokenWithActorSample" */ = {
			isa = XCConfigurationList;
			buildConfigurations = (
				1BF784D52B20A4CB00F2C5EB /* Debug */,
				1BF784D62B20A4CB00F2C5EB /* Release */,
			);
			defaultConfigurationIsVisible = 0;
			defaultConfigurationName = Release;
		};
		1BF784D72B20A4CB00F2C5EB /* Build configuration list for PBXNativeTarget "RefreshTokenWithActorSample" */ = {
			isa = XCConfigurationList;
			buildConfigurations = (
				1BF784D82B20A4CB00F2C5EB /* Debug */,
				1BF784D92B20A4CB00F2C5EB /* Release */,
			);
			defaultConfigurationIsVisible = 0;
			defaultConfigurationName = Release;
		};
		1BF784DA2B20A4CB00F2C5EB /* Build configuration list for PBXNativeTarget "RefreshTokenWithActorSampleTests" */ = {
			isa = XCConfigurationList;
			buildConfigurations = (
				1BF784DB2B20A4CB00F2C5EB /* Debug */,
				1BF784DC2B20A4CB00F2C5EB /* Release */,
			);
			defaultConfigurationIsVisible = 0;
			defaultConfigurationName = Release;
		};
		1BF784DD2B20A4CB00F2C5EB /* Build configuration list for PBXNativeTarget "RefreshTokenWithActorSampleUITests" */ = {
			isa = XCConfigurationList;
			buildConfigurations = (
				1BF784DE2B20A4CB00F2C5EB /* Debug */,
				1BF784DF2B20A4CB00F2C5EB /* Release */,
			);
			defaultConfigurationIsVisible = 0;
			defaultConfigurationName = Release;
		};
/* End XCConfigurationList section */
	};
	rootObject = 1BF784AB2B20A4C900F2C5EB /* Project object */;
}
